// !$*UTF8*$!
{
	archiveVersion = 1;
	classes = {
	};
	objectVersion = 56;
	objects = {

/* Begin PBXBuildFile section */
		3E402F7E2C0A2B0400D46819 /* ContentView.swift in Sources */ = {isa = PBXBuildFile; fileRef = 3E402F7D2C0A2B0400D46819 /* ContentView.swift */; };
		3E402F802C0A2D6C00D46819 /* FavoriteView.swift in Sources */ = {isa = PBXBuildFile; fileRef = 3E402F7F2C0A2D6C00D46819 /* FavoriteView.swift */; };
		3E402F822C0A2E4D00D46819 /* MessageView.swift in Sources */ = {isa = PBXBuildFile; fileRef = 3E402F812C0A2E4D00D46819 /* MessageView.swift */; };
		3E402F842C0A2ECD00D46819 /* ProfileView.swift in Sources */ = {isa = PBXBuildFile; fileRef = 3E402F832C0A2ECD00D46819 /* ProfileView.swift */; };
		3E8012FA2C15DED50058144D /* Message.swift in Sources */ = {isa = PBXBuildFile; fileRef = 3E8012F92C15DED50058144D /* Message.swift */; };
		3E8012FC2C15DF6E0058144D /* MessageList.swift in Sources */ = {isa = PBXBuildFile; fileRef = 3E8012FB2C15DF6E0058144D /* MessageList.swift */; };
		3E82B8062C15CBFC0059A1BC /* AdvertisementList.swift in Sources */ = {isa = PBXBuildFile; fileRef = 3E82B8052C15CBFC0059A1BC /* AdvertisementList.swift */; };
		3E82B80C2C15D3D00059A1BC /* Favorite.swift in Sources */ = {isa = PBXBuildFile; fileRef = 3E82B80B2C15D3D00059A1BC /* Favorite.swift */; };
		3E82B80E2C15D6450059A1BC /* FavoriteList.swift in Sources */ = {isa = PBXBuildFile; fileRef = 3E82B80D2C15D6450059A1BC /* FavoriteList.swift */; };
		3E9C94EB2C07A2FF00F91BFB /* PawFriendsApp.swift in Sources */ = {isa = PBXBuildFile; fileRef = 3E9C94EA2C07A2FF00F91BFB /* PawFriendsApp.swift */; };
		3E9C94ED2C07A2FF00F91BFB /* SearchView.swift in Sources */ = {isa = PBXBuildFile; fileRef = 3E9C94EC2C07A2FF00F91BFB /* SearchView.swift */; };
		3E9C94EF2C07A2FF00F91BFB /* Advertisement.swift in Sources */ = {isa = PBXBuildFile; fileRef = 3E9C94EE2C07A2FF00F91BFB /* Advertisement.swift */; };
		3E9C94F12C07A30100F91BFB /* Assets.xcassets in Resources */ = {isa = PBXBuildFile; fileRef = 3E9C94F02C07A30100F91BFB /* Assets.xcassets */; };
		3E9C94F42C07A30100F91BFB /* Preview Assets.xcassets in Resources */ = {isa = PBXBuildFile; fileRef = 3E9C94F32C07A30100F91BFB /* Preview Assets.xcassets */; };
		3E9C94FE2C07A30100F91BFB /* PawFriendsTests.swift in Sources */ = {isa = PBXBuildFile; fileRef = 3E9C94FD2C07A30100F91BFB /* PawFriendsTests.swift */; };
		3E9C95082C07A30100F91BFB /* PawFriendsUITests.swift in Sources */ = {isa = PBXBuildFile; fileRef = 3E9C95072C07A30100F91BFB /* PawFriendsUITests.swift */; };
		3E9C950A2C07A30100F91BFB /* PawFriendsUITestsLaunchTests.swift in Sources */ = {isa = PBXBuildFile; fileRef = 3E9C95092C07A30100F91BFB /* PawFriendsUITestsLaunchTests.swift */; };
		3EA8DF432C1F484F008AEA65 /* PawFriendsCore in Resources */ = {isa = PBXBuildFile; fileRef = 3EA8DF422C1F484F008AEA65 /* PawFriendsCore */; };
		3EAC3BA42C17758E008129A4 /* amplify_outputs.json in Resources */ = {isa = PBXBuildFile; fileRef = 3EAC3BA32C17758E008129A4 /* amplify_outputs.json */; };
		3EAC3BA72C177781008129A4 /* AWSCognitoAuthPlugin in Frameworks */ = {isa = PBXBuildFile; productRef = 3EAC3BA62C177781008129A4 /* AWSCognitoAuthPlugin */; };
		3EAC3BAA2C177BDE008129A4 /* Authenticator in Frameworks */ = {isa = PBXBuildFile; productRef = 3EAC3BA92C177BDE008129A4 /* Authenticator */; };
		B5BBB6102C18CE3C000F490F /* AdvertisementDetail.swift in Sources */ = {isa = PBXBuildFile; fileRef = B5BBB60F2C18CE3C000F490F /* AdvertisementDetail.swift */; };
		B5BBB6122C18CE4F000F490F /* SampleData.swift in Sources */ = {isa = PBXBuildFile; fileRef = B5BBB6112C18CE4F000F490F /* SampleData.swift */; };
/* End PBXBuildFile section */

/* Begin PBXContainerItemProxy section */
		3E9C94FA2C07A30100F91BFB /* PBXContainerItemProxy */ = {
			isa = PBXContainerItemProxy;
			containerPortal = 3E9C94DF2C07A2FF00F91BFB /* Project object */;
			proxyType = 1;
			remoteGlobalIDString = 3E9C94E62C07A2FF00F91BFB;
			remoteInfo = PawFriends;
		};
		3E9C95042C07A30100F91BFB /* PBXContainerItemProxy */ = {
			isa = PBXContainerItemProxy;
			containerPortal = 3E9C94DF2C07A2FF00F91BFB /* Project object */;
			proxyType = 1;
			remoteGlobalIDString = 3E9C94E62C07A2FF00F91BFB;
			remoteInfo = PawFriends;
		};
/* End PBXContainerItemProxy section */

/* Begin PBXFileReference section */
		3E402F7D2C0A2B0400D46819 /* ContentView.swift */ = {isa = PBXFileReference; lastKnownFileType = sourcecode.swift; path = ContentView.swift; sourceTree = "<group>"; };
		3E402F7F2C0A2D6C00D46819 /* FavoriteView.swift */ = {isa = PBXFileReference; lastKnownFileType = sourcecode.swift; path = FavoriteView.swift; sourceTree = "<group>"; };
		3E402F812C0A2E4D00D46819 /* MessageView.swift */ = {isa = PBXFileReference; lastKnownFileType = sourcecode.swift; path = MessageView.swift; sourceTree = "<group>"; };
		3E402F832C0A2ECD00D46819 /* ProfileView.swift */ = {isa = PBXFileReference; lastKnownFileType = sourcecode.swift; path = ProfileView.swift; sourceTree = "<group>"; };
		3E8012F92C15DED50058144D /* Message.swift */ = {isa = PBXFileReference; lastKnownFileType = sourcecode.swift; path = Message.swift; sourceTree = "<group>"; };
		3E8012FB2C15DF6E0058144D /* MessageList.swift */ = {isa = PBXFileReference; lastKnownFileType = sourcecode.swift; path = MessageList.swift; sourceTree = "<group>"; };
		3E82B8052C15CBFC0059A1BC /* AdvertisementList.swift */ = {isa = PBXFileReference; lastKnownFileType = sourcecode.swift; path = AdvertisementList.swift; sourceTree = "<group>"; };
		3E82B80B2C15D3D00059A1BC /* Favorite.swift */ = {isa = PBXFileReference; lastKnownFileType = sourcecode.swift; path = Favorite.swift; sourceTree = "<group>"; };
		3E82B80D2C15D6450059A1BC /* FavoriteList.swift */ = {isa = PBXFileReference; lastKnownFileType = sourcecode.swift; path = FavoriteList.swift; sourceTree = "<group>"; };
		3E9C94E72C07A2FF00F91BFB /* PawFriends.app */ = {isa = PBXFileReference; explicitFileType = wrapper.application; includeInIndex = 0; path = PawFriends.app; sourceTree = BUILT_PRODUCTS_DIR; };
		3E9C94EA2C07A2FF00F91BFB /* PawFriendsApp.swift */ = {isa = PBXFileReference; lastKnownFileType = sourcecode.swift; path = PawFriendsApp.swift; sourceTree = "<group>"; };
		3E9C94EC2C07A2FF00F91BFB /* SearchView.swift */ = {isa = PBXFileReference; lastKnownFileType = sourcecode.swift; path = SearchView.swift; sourceTree = "<group>"; };
		3E9C94EE2C07A2FF00F91BFB /* Advertisement.swift */ = {isa = PBXFileReference; lastKnownFileType = sourcecode.swift; path = Advertisement.swift; sourceTree = "<group>"; };
		3E9C94F02C07A30100F91BFB /* Assets.xcassets */ = {isa = PBXFileReference; lastKnownFileType = folder.assetcatalog; path = Assets.xcassets; sourceTree = "<group>"; };
		3E9C94F32C07A30100F91BFB /* Preview Assets.xcassets */ = {isa = PBXFileReference; lastKnownFileType = folder.assetcatalog; path = "Preview Assets.xcassets"; sourceTree = "<group>"; };
		3E9C94F92C07A30100F91BFB /* PawFriendsTests.xctest */ = {isa = PBXFileReference; explicitFileType = wrapper.cfbundle; includeInIndex = 0; path = PawFriendsTests.xctest; sourceTree = BUILT_PRODUCTS_DIR; };
		3E9C94FD2C07A30100F91BFB /* PawFriendsTests.swift */ = {isa = PBXFileReference; lastKnownFileType = sourcecode.swift; path = PawFriendsTests.swift; sourceTree = "<group>"; };
		3E9C95032C07A30100F91BFB /* PawFriendsUITests.xctest */ = {isa = PBXFileReference; explicitFileType = wrapper.cfbundle; includeInIndex = 0; path = PawFriendsUITests.xctest; sourceTree = BUILT_PRODUCTS_DIR; };
		3E9C95072C07A30100F91BFB /* PawFriendsUITests.swift */ = {isa = PBXFileReference; lastKnownFileType = sourcecode.swift; path = PawFriendsUITests.swift; sourceTree = "<group>"; };
		3E9C95092C07A30100F91BFB /* PawFriendsUITestsLaunchTests.swift */ = {isa = PBXFileReference; lastKnownFileType = sourcecode.swift; path = PawFriendsUITestsLaunchTests.swift; sourceTree = "<group>"; };
		3EA8DF422C1F484F008AEA65 /* PawFriendsCore */ = {isa = PBXFileReference; lastKnownFileType = folder; path = PawFriendsCore; sourceTree = "<group>"; };
		3EAC3BA32C17758E008129A4 /* amplify_outputs.json */ = {isa = PBXFileReference; fileEncoding = 4; lastKnownFileType = text.json; path = amplify_outputs.json; sourceTree = SOURCE_ROOT; };
		B5BBB60F2C18CE3C000F490F /* AdvertisementDetail.swift */ = {isa = PBXFileReference; fileEncoding = 4; lastKnownFileType = sourcecode.swift; path = AdvertisementDetail.swift; sourceTree = "<group>"; };
		B5BBB6112C18CE4F000F490F /* SampleData.swift */ = {isa = PBXFileReference; fileEncoding = 4; lastKnownFileType = sourcecode.swift; path = SampleData.swift; sourceTree = "<group>"; };
/* End PBXFileReference section */

/* Begin PBXFrameworksBuildPhase section */
		3E9C94E42C07A2FF00F91BFB /* Frameworks */ = {
			isa = PBXFrameworksBuildPhase;
			buildActionMask = 2147483647;
			files = (
				3EAC3BAA2C177BDE008129A4 /* Authenticator in Frameworks */,
				3EAC3BA72C177781008129A4 /* AWSCognitoAuthPlugin in Frameworks */,
			);
			runOnlyForDeploymentPostprocessing = 0;
		};
		3E9C94F62C07A30100F91BFB /* Frameworks */ = {
			isa = PBXFrameworksBuildPhase;
			buildActionMask = 2147483647;
			files = (
			);
			runOnlyForDeploymentPostprocessing = 0;
		};
		3E9C95002C07A30100F91BFB /* Frameworks */ = {
			isa = PBXFrameworksBuildPhase;
			buildActionMask = 2147483647;
			files = (
			);
			runOnlyForDeploymentPostprocessing = 0;
		};
/* End PBXFrameworksBuildPhase section */

/* Begin PBXGroup section */
		3E9C94DE2C07A2FF00F91BFB = {
			isa = PBXGroup;
			children = (
				3EA8DF422C1F484F008AEA65 /* PawFriendsCore */,
				3E9C94E92C07A2FF00F91BFB /* PawFriends */,
				3E9C94FC2C07A30100F91BFB /* PawFriendsTests */,
				3E9C95062C07A30100F91BFB /* PawFriendsUITests */,
				3E9C94E82C07A2FF00F91BFB /* Products */,
			);
			sourceTree = "<group>";
		};
		3E9C94E82C07A2FF00F91BFB /* Products */ = {
			isa = PBXGroup;
			children = (
				3E9C94E72C07A2FF00F91BFB /* PawFriends.app */,
				3E9C94F92C07A30100F91BFB /* PawFriendsTests.xctest */,
				3E9C95032C07A30100F91BFB /* PawFriendsUITests.xctest */,
			);
			name = Products;
			sourceTree = "<group>";
		};
		3E9C94E92C07A2FF00F91BFB /* PawFriends */ = {
			isa = PBXGroup;
			children = (
				3E9C94EA2C07A2FF00F91BFB /* PawFriendsApp.swift */,
				3E9C94EC2C07A2FF00F91BFB /* SearchView.swift */,
				3E9C94EE2C07A2FF00F91BFB /* Advertisement.swift */,
				3E9C94F02C07A30100F91BFB /* Assets.xcassets */,
				3E9C94F22C07A30100F91BFB /* Preview Content */,
				3E402F7D2C0A2B0400D46819 /* ContentView.swift */,
				3E402F7F2C0A2D6C00D46819 /* FavoriteView.swift */,
				3E402F812C0A2E4D00D46819 /* MessageView.swift */,
				3E402F832C0A2ECD00D46819 /* ProfileView.swift */,
				B5BBB60F2C18CE3C000F490F /* AdvertisementDetail.swift */,
				B5BBB6112C18CE4F000F490F /* SampleData.swift */,
				3E82B8052C15CBFC0059A1BC /* AdvertisementList.swift */,
				3E82B80B2C15D3D00059A1BC /* Favorite.swift */,
				3E82B80D2C15D6450059A1BC /* FavoriteList.swift */,
				3E8012F92C15DED50058144D /* Message.swift */,
				3E8012FB2C15DF6E0058144D /* MessageList.swift */,
				3EAC3BA32C17758E008129A4 /* amplify_outputs.json */,
			);
			path = PawFriends;
			sourceTree = "<group>";
		};
		3E9C94F22C07A30100F91BFB /* Preview Content */ = {
			isa = PBXGroup;
			children = (
				3E9C94F32C07A30100F91BFB /* Preview Assets.xcassets */,
			);
			path = "Preview Content";
			sourceTree = "<group>";
		};
		3E9C94FC2C07A30100F91BFB /* PawFriendsTests */ = {
			isa = PBXGroup;
			children = (
				3E9C94FD2C07A30100F91BFB /* PawFriendsTests.swift */,
			);
			path = PawFriendsTests;
			sourceTree = "<group>";
		};
		3E9C95062C07A30100F91BFB /* PawFriendsUITests */ = {
			isa = PBXGroup;
			children = (
				3E9C95072C07A30100F91BFB /* PawFriendsUITests.swift */,
				3E9C95092C07A30100F91BFB /* PawFriendsUITestsLaunchTests.swift */,
			);
			path = PawFriendsUITests;
			sourceTree = "<group>";
		};
/* End PBXGroup section */

/* Begin PBXNativeTarget section */
		3E9C94E62C07A2FF00F91BFB /* PawFriends */ = {
			isa = PBXNativeTarget;
			buildConfigurationList = 3E9C950D2C07A30100F91BFB /* Build configuration list for PBXNativeTarget "PawFriends" */;
			buildPhases = (
				3E9C94E32C07A2FF00F91BFB /* Sources */,
				3E9C94E42C07A2FF00F91BFB /* Frameworks */,
				3E9C94E52C07A2FF00F91BFB /* Resources */,
			);
			buildRules = (
			);
			dependencies = (
			);
			name = PawFriends;
			packageProductDependencies = (
				3EAC3BA62C177781008129A4 /* AWSCognitoAuthPlugin */,
				3EAC3BA92C177BDE008129A4 /* Authenticator */,
			);
			productName = PawFriends;
			productReference = 3E9C94E72C07A2FF00F91BFB /* PawFriends.app */;
			productType = "com.apple.product-type.application";
		};
		3E9C94F82C07A30100F91BFB /* PawFriendsTests */ = {
			isa = PBXNativeTarget;
			buildConfigurationList = 3E9C95102C07A30100F91BFB /* Build configuration list for PBXNativeTarget "PawFriendsTests" */;
			buildPhases = (
				3E9C94F52C07A30100F91BFB /* Sources */,
				3E9C94F62C07A30100F91BFB /* Frameworks */,
				3E9C94F72C07A30100F91BFB /* Resources */,
			);
			buildRules = (
			);
			dependencies = (
				3E9C94FB2C07A30100F91BFB /* PBXTargetDependency */,
			);
			name = PawFriendsTests;
			productName = PawFriendsTests;
			productReference = 3E9C94F92C07A30100F91BFB /* PawFriendsTests.xctest */;
			productType = "com.apple.product-type.bundle.unit-test";
		};
		3E9C95022C07A30100F91BFB /* PawFriendsUITests */ = {
			isa = PBXNativeTarget;
			buildConfigurationList = 3E9C95132C07A30100F91BFB /* Build configuration list for PBXNativeTarget "PawFriendsUITests" */;
			buildPhases = (
				3E9C94FF2C07A30100F91BFB /* Sources */,
				3E9C95002C07A30100F91BFB /* Frameworks */,
				3E9C95012C07A30100F91BFB /* Resources */,
			);
			buildRules = (
			);
			dependencies = (
				3E9C95052C07A30100F91BFB /* PBXTargetDependency */,
			);
			name = PawFriendsUITests;
			productName = PawFriendsUITests;
			productReference = 3E9C95032C07A30100F91BFB /* PawFriendsUITests.xctest */;
			productType = "com.apple.product-type.bundle.ui-testing";
		};
/* End PBXNativeTarget section */

/* Begin PBXProject section */
		3E9C94DF2C07A2FF00F91BFB /* Project object */ = {
			isa = PBXProject;
			attributes = {
				BuildIndependentTargetsInParallel = 1;
				LastSwiftUpdateCheck = 1530;
				LastUpgradeCheck = 1530;
				TargetAttributes = {
					3E9C94E62C07A2FF00F91BFB = {
						CreatedOnToolsVersion = 15.3;
					};
					3E9C94F82C07A30100F91BFB = {
						CreatedOnToolsVersion = 15.3;
						TestTargetID = 3E9C94E62C07A2FF00F91BFB;
					};
					3E9C95022C07A30100F91BFB = {
						CreatedOnToolsVersion = 15.3;
						TestTargetID = 3E9C94E62C07A2FF00F91BFB;
					};
				};
			};
			buildConfigurationList = 3E9C94E22C07A2FF00F91BFB /* Build configuration list for PBXProject "PawFriends" */;
			compatibilityVersion = "Xcode 14.0";
			developmentRegion = en;
			hasScannedForEncodings = 0;
			knownRegions = (
				en,
				Base,
			);
			mainGroup = 3E9C94DE2C07A2FF00F91BFB;
			packageReferences = (
				3EAC3BA52C177780008129A4 /* XCRemoteSwiftPackageReference "amplify-swift" */,
				3EAC3BA82C177BDE008129A4 /* XCRemoteSwiftPackageReference "amplify-ui-swift-authenticator" */,
			);
			productRefGroup = 3E9C94E82C07A2FF00F91BFB /* Products */;
			projectDirPath = "";
			projectRoot = "";
			targets = (
				3E9C94E62C07A2FF00F91BFB /* PawFriends */,
				3E9C94F82C07A30100F91BFB /* PawFriendsTests */,
				3E9C95022C07A30100F91BFB /* PawFriendsUITests */,
			);
		};
/* End PBXProject section */

/* Begin PBXResourcesBuildPhase section */
		3E9C94E52C07A2FF00F91BFB /* Resources */ = {
			isa = PBXResourcesBuildPhase;
			buildActionMask = 2147483647;
			files = (
				3EAC3BA42C17758E008129A4 /* amplify_outputs.json in Resources */,
				3E9C94F42C07A30100F91BFB /* Preview Assets.xcassets in Resources */,
				3EA8DF432C1F484F008AEA65 /* PawFriendsCore in Resources */,
				3E9C94F12C07A30100F91BFB /* Assets.xcassets in Resources */,
			);
			runOnlyForDeploymentPostprocessing = 0;
		};
		3E9C94F72C07A30100F91BFB /* Resources */ = {
			isa = PBXResourcesBuildPhase;
			buildActionMask = 2147483647;
			files = (
			);
			runOnlyForDeploymentPostprocessing = 0;
		};
		3E9C95012C07A30100F91BFB /* Resources */ = {
			isa = PBXResourcesBuildPhase;
			buildActionMask = 2147483647;
			files = (
			);
			runOnlyForDeploymentPostprocessing = 0;
		};
/* End PBXResourcesBuildPhase section */

/* Begin PBXSourcesBuildPhase section */
		3E9C94E32C07A2FF00F91BFB /* Sources */ = {
			isa = PBXSourcesBuildPhase;
			buildActionMask = 2147483647;
			files = (
				3E402F822C0A2E4D00D46819 /* MessageView.swift in Sources */,
				B5BBB6122C18CE4F000F490F /* SampleData.swift in Sources */,
				3E82B8062C15CBFC0059A1BC /* AdvertisementList.swift in Sources */,
				3E9C94ED2C07A2FF00F91BFB /* SearchView.swift in Sources */,
				3E9C94EF2C07A2FF00F91BFB /* Advertisement.swift in Sources */,
				3E402F7E2C0A2B0400D46819 /* ContentView.swift in Sources */,
				3E8012FC2C15DF6E0058144D /* MessageList.swift in Sources */,
				3E82B80E2C15D6450059A1BC /* FavoriteList.swift in Sources */,
				3E8012FA2C15DED50058144D /* Message.swift in Sources */,
				3E402F802C0A2D6C00D46819 /* FavoriteView.swift in Sources */,
				3E82B80C2C15D3D00059A1BC /* Favorite.swift in Sources */,
				3E402F842C0A2ECD00D46819 /* ProfileView.swift in Sources */,
				3E9C94EB2C07A2FF00F91BFB /* PawFriendsApp.swift in Sources */,
				B5BBB6102C18CE3C000F490F /* AdvertisementDetail.swift in Sources */,
			);
			runOnlyForDeploymentPostprocessing = 0;
		};
		3E9C94F52C07A30100F91BFB /* Sources */ = {
			isa = PBXSourcesBuildPhase;
			buildActionMask = 2147483647;
			files = (
				3E9C94FE2C07A30100F91BFB /* PawFriendsTests.swift in Sources */,
			);
			runOnlyForDeploymentPostprocessing = 0;
		};
		3E9C94FF2C07A30100F91BFB /* Sources */ = {
			isa = PBXSourcesBuildPhase;
			buildActionMask = 2147483647;
			files = (
				3E9C95082C07A30100F91BFB /* PawFriendsUITests.swift in Sources */,
				3E9C950A2C07A30100F91BFB /* PawFriendsUITestsLaunchTests.swift in Sources */,
			);
			runOnlyForDeploymentPostprocessing = 0;
		};
/* End PBXSourcesBuildPhase section */

/* Begin PBXTargetDependency section */
		3E9C94FB2C07A30100F91BFB /* PBXTargetDependency */ = {
			isa = PBXTargetDependency;
			target = 3E9C94E62C07A2FF00F91BFB /* PawFriends */;
			targetProxy = 3E9C94FA2C07A30100F91BFB /* PBXContainerItemProxy */;
		};
		3E9C95052C07A30100F91BFB /* PBXTargetDependency */ = {
			isa = PBXTargetDependency;
			target = 3E9C94E62C07A2FF00F91BFB /* PawFriends */;
			targetProxy = 3E9C95042C07A30100F91BFB /* PBXContainerItemProxy */;
		};
/* End PBXTargetDependency section */

/* Begin XCBuildConfiguration section */
		3E9C950B2C07A30100F91BFB /* Debug */ = {
			isa = XCBuildConfiguration;
			buildSettings = {
				ALWAYS_SEARCH_USER_PATHS = NO;
				ASSETCATALOG_COMPILER_GENERATE_SWIFT_ASSET_SYMBOL_EXTENSIONS = YES;
				CLANG_ANALYZER_NONNULL = YES;
				CLANG_ANALYZER_NUMBER_OBJECT_CONVERSION = YES_AGGRESSIVE;
				CLANG_CXX_LANGUAGE_STANDARD = "gnu++20";
				CLANG_ENABLE_MODULES = YES;
				CLANG_ENABLE_OBJC_ARC = YES;
				CLANG_ENABLE_OBJC_WEAK = YES;
				CLANG_WARN_BLOCK_CAPTURE_AUTORELEASING = YES;
				CLANG_WARN_BOOL_CONVERSION = YES;
				CLANG_WARN_COMMA = YES;
				CLANG_WARN_CONSTANT_CONVERSION = YES;
				CLANG_WARN_DEPRECATED_OBJC_IMPLEMENTATIONS = YES;
				CLANG_WARN_DIRECT_OBJC_ISA_USAGE = YES_ERROR;
				CLANG_WARN_DOCUMENTATION_COMMENTS = YES;
				CLANG_WARN_EMPTY_BODY = YES;
				CLANG_WARN_ENUM_CONVERSION = YES;
				CLANG_WARN_INFINITE_RECURSION = YES;
				CLANG_WARN_INT_CONVERSION = YES;
				CLANG_WARN_NON_LITERAL_NULL_CONVERSION = YES;
				CLANG_WARN_OBJC_IMPLICIT_RETAIN_SELF = YES;
				CLANG_WARN_OBJC_LITERAL_CONVERSION = YES;
				CLANG_WARN_OBJC_ROOT_CLASS = YES_ERROR;
				CLANG_WARN_QUOTED_INCLUDE_IN_FRAMEWORK_HEADER = YES;
				CLANG_WARN_RANGE_LOOP_ANALYSIS = YES;
				CLANG_WARN_STRICT_PROTOTYPES = YES;
				CLANG_WARN_SUSPICIOUS_MOVE = YES;
				CLANG_WARN_UNGUARDED_AVAILABILITY = YES_AGGRESSIVE;
				CLANG_WARN_UNREACHABLE_CODE = YES;
				CLANG_WARN__DUPLICATE_METHOD_MATCH = YES;
				COPY_PHASE_STRIP = NO;
				DEBUG_INFORMATION_FORMAT = dwarf;
				ENABLE_STRICT_OBJC_MSGSEND = YES;
				ENABLE_TESTABILITY = YES;
				ENABLE_USER_SCRIPT_SANDBOXING = YES;
				GCC_C_LANGUAGE_STANDARD = gnu17;
				GCC_DYNAMIC_NO_PIC = NO;
				GCC_NO_COMMON_BLOCKS = YES;
				GCC_OPTIMIZATION_LEVEL = 0;
				GCC_PREPROCESSOR_DEFINITIONS = (
					"DEBUG=1",
					"$(inherited)",
				);
				GCC_WARN_64_TO_32_BIT_CONVERSION = YES;
				GCC_WARN_ABOUT_RETURN_TYPE = YES_ERROR;
				GCC_WARN_UNDECLARED_SELECTOR = YES;
				GCC_WARN_UNINITIALIZED_AUTOS = YES_AGGRESSIVE;
				GCC_WARN_UNUSED_FUNCTION = YES;
				GCC_WARN_UNUSED_VARIABLE = YES;
				IPHONEOS_DEPLOYMENT_TARGET = 17.4;
				LOCALIZATION_PREFERS_STRING_CATALOGS = YES;
				MTL_ENABLE_DEBUG_INFO = INCLUDE_SOURCE;
				MTL_FAST_MATH = YES;
				ONLY_ACTIVE_ARCH = YES;
				SDKROOT = iphoneos;
				SWIFT_ACTIVE_COMPILATION_CONDITIONS = "DEBUG $(inherited)";
				SWIFT_OPTIMIZATION_LEVEL = "-Onone";
			};
			name = Debug;
		};
		3E9C950C2C07A30100F91BFB /* Release */ = {
			isa = XCBuildConfiguration;
			buildSettings = {
				ALWAYS_SEARCH_USER_PATHS = NO;
				ASSETCATALOG_COMPILER_GENERATE_SWIFT_ASSET_SYMBOL_EXTENSIONS = YES;
				CLANG_ANALYZER_NONNULL = YES;
				CLANG_ANALYZER_NUMBER_OBJECT_CONVERSION = YES_AGGRESSIVE;
				CLANG_CXX_LANGUAGE_STANDARD = "gnu++20";
				CLANG_ENABLE_MODULES = YES;
				CLANG_ENABLE_OBJC_ARC = YES;
				CLANG_ENABLE_OBJC_WEAK = YES;
				CLANG_WARN_BLOCK_CAPTURE_AUTORELEASING = YES;
				CLANG_WARN_BOOL_CONVERSION = YES;
				CLANG_WARN_COMMA = YES;
				CLANG_WARN_CONSTANT_CONVERSION = YES;
				CLANG_WARN_DEPRECATED_OBJC_IMPLEMENTATIONS = YES;
				CLANG_WARN_DIRECT_OBJC_ISA_USAGE = YES_ERROR;
				CLANG_WARN_DOCUMENTATION_COMMENTS = YES;
				CLANG_WARN_EMPTY_BODY = YES;
				CLANG_WARN_ENUM_CONVERSION = YES;
				CLANG_WARN_INFINITE_RECURSION = YES;
				CLANG_WARN_INT_CONVERSION = YES;
				CLANG_WARN_NON_LITERAL_NULL_CONVERSION = YES;
				CLANG_WARN_OBJC_IMPLICIT_RETAIN_SELF = YES;
				CLANG_WARN_OBJC_LITERAL_CONVERSION = YES;
				CLANG_WARN_OBJC_ROOT_CLASS = YES_ERROR;
				CLANG_WARN_QUOTED_INCLUDE_IN_FRAMEWORK_HEADER = YES;
				CLANG_WARN_RANGE_LOOP_ANALYSIS = YES;
				CLANG_WARN_STRICT_PROTOTYPES = YES;
				CLANG_WARN_SUSPICIOUS_MOVE = YES;
				CLANG_WARN_UNGUARDED_AVAILABILITY = YES_AGGRESSIVE;
				CLANG_WARN_UNREACHABLE_CODE = YES;
				CLANG_WARN__DUPLICATE_METHOD_MATCH = YES;
				COPY_PHASE_STRIP = NO;
				DEBUG_INFORMATION_FORMAT = "dwarf-with-dsym";
				ENABLE_NS_ASSERTIONS = NO;
				ENABLE_STRICT_OBJC_MSGSEND = YES;
				ENABLE_USER_SCRIPT_SANDBOXING = YES;
				GCC_C_LANGUAGE_STANDARD = gnu17;
				GCC_NO_COMMON_BLOCKS = YES;
				GCC_WARN_64_TO_32_BIT_CONVERSION = YES;
				GCC_WARN_ABOUT_RETURN_TYPE = YES_ERROR;
				GCC_WARN_UNDECLARED_SELECTOR = YES;
				GCC_WARN_UNINITIALIZED_AUTOS = YES_AGGRESSIVE;
				GCC_WARN_UNUSED_FUNCTION = YES;
				GCC_WARN_UNUSED_VARIABLE = YES;
				IPHONEOS_DEPLOYMENT_TARGET = 17.4;
				LOCALIZATION_PREFERS_STRING_CATALOGS = YES;
				MTL_ENABLE_DEBUG_INFO = NO;
				MTL_FAST_MATH = YES;
				SDKROOT = iphoneos;
				SWIFT_COMPILATION_MODE = wholemodule;
				VALIDATE_PRODUCT = YES;
			};
			name = Release;
		};
		3E9C950E2C07A30100F91BFB /* Debug */ = {
			isa = XCBuildConfiguration;
			buildSettings = {
				ASSETCATALOG_COMPILER_APPICON_NAME = AppIcon;
				ASSETCATALOG_COMPILER_GLOBAL_ACCENT_COLOR_NAME = AccentColor;
				CODE_SIGN_STYLE = Automatic;
				CURRENT_PROJECT_VERSION = 1;
				DEVELOPMENT_ASSET_PATHS = "\"PawFriends/Preview Content\"";
				ENABLE_PREVIEWS = YES;
				GENERATE_INFOPLIST_FILE = YES;
				INFOPLIST_KEY_UIApplicationSceneManifest_Generation = YES;
				INFOPLIST_KEY_UIApplicationSupportsIndirectInputEvents = YES;
				INFOPLIST_KEY_UILaunchScreen_Generation = YES;
				INFOPLIST_KEY_UISupportedInterfaceOrientations_iPad = "UIInterfaceOrientationPortrait UIInterfaceOrientationPortraitUpsideDown UIInterfaceOrientationLandscapeLeft UIInterfaceOrientationLandscapeRight";
				INFOPLIST_KEY_UISupportedInterfaceOrientations_iPhone = "UIInterfaceOrientationPortrait UIInterfaceOrientationLandscapeLeft UIInterfaceOrientationLandscapeRight";
				LD_RUNPATH_SEARCH_PATHS = (
					"$(inherited)",
					"@executable_path/Frameworks",
				);
				MARKETING_VERSION = 1.0;
				PRODUCT_BUNDLE_IDENTIFIER = de.pawlove.PawFriends;
				PRODUCT_NAME = "$(TARGET_NAME)";
				SWIFT_EMIT_LOC_STRINGS = YES;
				SWIFT_VERSION = 5.0;
				TARGETED_DEVICE_FAMILY = "1,2";
			};
			name = Debug;
		};
		3E9C950F2C07A30100F91BFB /* Release */ = {
			isa = XCBuildConfiguration;
			buildSettings = {
				ASSETCATALOG_COMPILER_APPICON_NAME = AppIcon;
				ASSETCATALOG_COMPILER_GLOBAL_ACCENT_COLOR_NAME = AccentColor;
				CODE_SIGN_STYLE = Automatic;
				CURRENT_PROJECT_VERSION = 1;
				DEVELOPMENT_ASSET_PATHS = "\"PawFriends/Preview Content\"";
				ENABLE_PREVIEWS = YES;
				GENERATE_INFOPLIST_FILE = YES;
				INFOPLIST_KEY_UIApplicationSceneManifest_Generation = YES;
				INFOPLIST_KEY_UIApplicationSupportsIndirectInputEvents = YES;
				INFOPLIST_KEY_UILaunchScreen_Generation = YES;
				INFOPLIST_KEY_UISupportedInterfaceOrientations_iPad = "UIInterfaceOrientationPortrait UIInterfaceOrientationPortraitUpsideDown UIInterfaceOrientationLandscapeLeft UIInterfaceOrientationLandscapeRight";
				INFOPLIST_KEY_UISupportedInterfaceOrientations_iPhone = "UIInterfaceOrientationPortrait UIInterfaceOrientationLandscapeLeft UIInterfaceOrientationLandscapeRight";
				LD_RUNPATH_SEARCH_PATHS = (
					"$(inherited)",
					"@executable_path/Frameworks",
				);
				MARKETING_VERSION = 1.0;
				PRODUCT_BUNDLE_IDENTIFIER = de.pawlove.PawFriends;
				PRODUCT_NAME = "$(TARGET_NAME)";
				SWIFT_EMIT_LOC_STRINGS = YES;
				SWIFT_VERSION = 5.0;
				TARGETED_DEVICE_FAMILY = "1,2";
			};
			name = Release;
		};
		3E9C95112C07A30100F91BFB /* Debug */ = {
			isa = XCBuildConfiguration;
			buildSettings = {
				ALWAYS_EMBED_SWIFT_STANDARD_LIBRARIES = YES;
				BUNDLE_LOADER = "$(TEST_HOST)";
				CODE_SIGN_STYLE = Automatic;
				CURRENT_PROJECT_VERSION = 1;
				GENERATE_INFOPLIST_FILE = YES;
				IPHONEOS_DEPLOYMENT_TARGET = 17.4;
				MARKETING_VERSION = 1.0;
				PRODUCT_BUNDLE_IDENTIFIER = de.pawlove.PawFriendsTests;
				PRODUCT_NAME = "$(TARGET_NAME)";
				SWIFT_EMIT_LOC_STRINGS = NO;
				SWIFT_VERSION = 5.0;
				TARGETED_DEVICE_FAMILY = "1,2";
				TEST_HOST = "$(BUILT_PRODUCTS_DIR)/PawFriends.app/$(BUNDLE_EXECUTABLE_FOLDER_PATH)/PawFriends";
			};
			name = Debug;
		};
		3E9C95122C07A30100F91BFB /* Release */ = {
			isa = XCBuildConfiguration;
			buildSettings = {
				ALWAYS_EMBED_SWIFT_STANDARD_LIBRARIES = YES;
				BUNDLE_LOADER = "$(TEST_HOST)";
				CODE_SIGN_STYLE = Automatic;
				CURRENT_PROJECT_VERSION = 1;
				GENERATE_INFOPLIST_FILE = YES;
				IPHONEOS_DEPLOYMENT_TARGET = 17.4;
				MARKETING_VERSION = 1.0;
				PRODUCT_BUNDLE_IDENTIFIER = de.pawlove.PawFriendsTests;
				PRODUCT_NAME = "$(TARGET_NAME)";
				SWIFT_EMIT_LOC_STRINGS = NO;
				SWIFT_VERSION = 5.0;
				TARGETED_DEVICE_FAMILY = "1,2";
				TEST_HOST = "$(BUILT_PRODUCTS_DIR)/PawFriends.app/$(BUNDLE_EXECUTABLE_FOLDER_PATH)/PawFriends";
			};
			name = Release;
		};
		3E9C95142C07A30100F91BFB /* Debug */ = {
			isa = XCBuildConfiguration;
			buildSettings = {
				ALWAYS_EMBED_SWIFT_STANDARD_LIBRARIES = YES;
				CODE_SIGN_STYLE = Automatic;
				CURRENT_PROJECT_VERSION = 1;
				GENERATE_INFOPLIST_FILE = YES;
				MARKETING_VERSION = 1.0;
				PRODUCT_BUNDLE_IDENTIFIER = de.pawlove.PawFriendsUITests;
				PRODUCT_NAME = "$(TARGET_NAME)";
				SWIFT_EMIT_LOC_STRINGS = NO;
				SWIFT_VERSION = 5.0;
				TARGETED_DEVICE_FAMILY = "1,2";
				TEST_TARGET_NAME = PawFriends;
			};
			name = Debug;
		};
		3E9C95152C07A30100F91BFB /* Release */ = {
			isa = XCBuildConfiguration;
			buildSettings = {
				ALWAYS_EMBED_SWIFT_STANDARD_LIBRARIES = YES;
				CODE_SIGN_STYLE = Automatic;
				CURRENT_PROJECT_VERSION = 1;
				GENERATE_INFOPLIST_FILE = YES;
				MARKETING_VERSION = 1.0;
				PRODUCT_BUNDLE_IDENTIFIER = de.pawlove.PawFriendsUITests;
				PRODUCT_NAME = "$(TARGET_NAME)";
				SWIFT_EMIT_LOC_STRINGS = NO;
				SWIFT_VERSION = 5.0;
				TARGETED_DEVICE_FAMILY = "1,2";
				TEST_TARGET_NAME = PawFriends;
			};
			name = Release;
		};
/* End XCBuildConfiguration section */

/* Begin XCConfigurationList section */
		3E9C94E22C07A2FF00F91BFB /* Build configuration list for PBXProject "PawFriends" */ = {
			isa = XCConfigurationList;
			buildConfigurations = (
				3E9C950B2C07A30100F91BFB /* Debug */,
				3E9C950C2C07A30100F91BFB /* Release */,
			);
			defaultConfigurationIsVisible = 0;
			defaultConfigurationName = Release;
		};
		3E9C950D2C07A30100F91BFB /* Build configuration list for PBXNativeTarget "PawFriends" */ = {
			isa = XCConfigurationList;
			buildConfigurations = (
				3E9C950E2C07A30100F91BFB /* Debug */,
				3E9C950F2C07A30100F91BFB /* Release */,
			);
			defaultConfigurationIsVisible = 0;
			defaultConfigurationName = Release;
		};
		3E9C95102C07A30100F91BFB /* Build configuration list for PBXNativeTarget "PawFriendsTests" */ = {
			isa = XCConfigurationList;
			buildConfigurations = (
				3E9C95112C07A30100F91BFB /* Debug */,
				3E9C95122C07A30100F91BFB /* Release */,
			);
			defaultConfigurationIsVisible = 0;
			defaultConfigurationName = Release;
		};
		3E9C95132C07A30100F91BFB /* Build configuration list for PBXNativeTarget "PawFriendsUITests" */ = {
			isa = XCConfigurationList;
			buildConfigurations = (
				3E9C95142C07A30100F91BFB /* Debug */,
				3E9C95152C07A30100F91BFB /* Release */,
			);
			defaultConfigurationIsVisible = 0;
			defaultConfigurationName = Release;
		};
/* End XCConfigurationList section */

/* Begin XCRemoteSwiftPackageReference section */
		3EAC3BA52C177780008129A4 /* XCRemoteSwiftPackageReference "amplify-swift" */ = {
			isa = XCRemoteSwiftPackageReference;
			repositoryURL = "https://github.com/aws-amplify/amplify-swift";
			requirement = {
				kind = upToNextMajorVersion;
				minimumVersion = 2.35.2;
			};
		};
		3EAC3BA82C177BDE008129A4 /* XCRemoteSwiftPackageReference "amplify-ui-swift-authenticator" */ = {
			isa = XCRemoteSwiftPackageReference;
			repositoryURL = "https://github.com/aws-amplify/amplify-ui-swift-authenticator";
			requirement = {
				kind = upToNextMajorVersion;
				minimumVersion = 1.1.4;
			};
		};
/* End XCRemoteSwiftPackageReference section */

/* Begin XCSwiftPackageProductDependency section */
		3EAC3BA62C177781008129A4 /* AWSCognitoAuthPlugin */ = {
			isa = XCSwiftPackageProductDependency;
			package = 3EAC3BA52C177780008129A4 /* XCRemoteSwiftPackageReference "amplify-swift" */;
			productName = AWSCognitoAuthPlugin;
		};
		3EAC3BA92C177BDE008129A4 /* Authenticator */ = {
			isa = XCSwiftPackageProductDependency;
			package = 3EAC3BA82C177BDE008129A4 /* XCRemoteSwiftPackageReference "amplify-ui-swift-authenticator" */;
			productName = Authenticator;
		};
/* End XCSwiftPackageProductDependency section */
	};
	rootObject = 3E9C94DF2C07A2FF00F91BFB /* Project object */;
}
